
Microsoft Visual Studio Solution File, Format Version 12.00
# Visual Studio Version 17
VisualStudioVersion = 17.5.002.0
MinimumVisualStudioVersion = 10.0.40219.1
Project("{9A19103F-16F7-4668-BE54-9A1E7A4F7556}") = "Gestion-de-Turnos", "Gestion-de-Turnos.csproj", "{A847422A-C44D-4A61-A3C6-B8D13A18FDF4}"
EndProject
Global
	GlobalSection(SolutionConfigurationPlatforms) = preSolution
		Debug|Any CPU = Debug|Any CPU
		Release|Any CPU = Release|Any CPU
	EndGlobalSection
	GlobalSection(ProjectConfigurationPlatforms) = postSolution
		{A847422A-C44D-4A61-A3C6-B8D13A18FDF4}.Debug|Any CPU.ActiveCfg = Debug|Any CPU
		{A847422A-C44D-4A61-A3C6-B8D13A18FDF4}.Debug|Any CPU.Build.0 = Debug|Any CPU
		{A847422A-C44D-4A61-A3C6-B8D13A18FDF4}.Release|Any CPU.ActiveCfg = Release|Any CPU
		{A847422A-C44D-4A61-A3C6-B8D13A18FDF4}.Release|Any CPU.Build.0 = Release|Any CPU
	EndGlobalSection
	GlobalSection(SolutionProperties) = preSolution
		HideSolutionNode = FALSE
	EndGlobalSection
	GlobalSection(ExtensibilityGlobals) = postSolution
		SolutionGuid = {0384CB46-B30B-4F1D-980B-40463BC7EC56}
	EndGlobalSection
EndGlobal
